
Microsoft Visual Studio Solution File, Format Version 12.00
# Visual Studio Version 17
VisualStudioVersion = 17.9.34622.214
MinimumVisualStudioVersion = 10.0.40219.1
Project("{FAE04EC0-301F-11D3-BF4B-00C04F79EFBC}") = "BarayeAzadi", "BarayeAzadi\BarayeAzadi.csproj", "{AD21A1B9-4F5C-4C1A-A21C-73C9DB3D6E8B}"
EndProject
Global
	GlobalSection(SolutionConfigurationPlatforms) = preSolution
		Debug|Any CPU = Debug|Any CPU
		Release|Any CPU = Release|Any CPU
	EndGlobalSection
	GlobalSection(ProjectConfigurationPlatforms) = postSolution
		{AD21A1B9-4F5C-4C1A-A21C-73C9DB3D6E8B}.Debug|Any CPU.ActiveCfg = Debug|Any CPU
		{AD21A1B9-4F5C-4C1A-A21C-73C9DB3D6E8B}.Debug|Any CPU.Build.0 = Debug|Any CPU
		{AD21A1B9-4F5C-4C1A-A21C-73C9DB3D6E8B}.Release|Any CPU.ActiveCfg = Release|Any CPU
		{AD21A1B9-4F5C-4C1A-A21C-73C9DB3D6E8B}.Release|Any CPU.Build.0 = Release|Any CPU
	EndGlobalSection
	GlobalSection(SolutionProperties) = preSolution
		HideSolutionNode = FALSE
	EndGlobalSection
	GlobalSection(ExtensibilityGlobals) = postSolution
		SolutionGuid = {194655B6-9B81-4FD1-AEB5-D143A3281B0A}
	EndGlobalSection
EndGlobal
